{
  "name": "server",
  "lockfileVersion": 3,
  "requires": true,
  "packages": {
    "": {
      "name": "server",
      "license": "SEE LICENSE IN LICENSE.md and LICENSE-CPP-BINARIES.md",
      "dependencies": {
        "@inworld/runtime": "1.0.2",
        "cors": "^2.8.5",
        "dotenv": "^16.4.7",
        "express": "^5.2.0",
        "express-validator": "^7.3.1",
        "uuid": "^11.1.0",
        "wav-encoder": "^1.3.0",
        "ws": "^8.18.1"
      },
      "devDependencies": {
        "@types/cors": "^2.8.17",
        "@types/express": "^5.0.1",
        "@types/express-validator": "^3.0.0",
        "@types/node": "^22.14.0",
        "@types/ws": "^8.18.1",
        "nodemon": "^3.1.9",
        "ts-node": "^10.9.2",
        "typescript": "^5.8.3"
      },
      "engines": {
        "node": ">=20.0.0"
      }
    },
    "node_modules/@bufbuild/protobuf": {
      "version": "2.11.0",
      "resolved": "https://registry.npmjs.org/@bufbuild/protobuf/-/protobuf-2.11.0.tgz",
      "integrity": "sha512-sBXGT13cpmPR5BMgHE6UEEfEaShh5Ror6rfN3yEK5si7QVrtZg8LEPQb0VVhiLRUslD2yLnXtnRzG035J/mZXQ==",
      "license": "(Apache-2.0 AND BSD-3-Clause)"
    },
    "node_modules/Ccspotcode/source-map-support": {
      "version": "0.8.1",
      "dev": true,
      "license": "MIT",
      "dependencies": {
        "@jridgewell/trace-mapping": "0.3.9"
      },
      "engines": {
        "node": ">=12"
      }
    }